
Microsoft Visual Studio Solution File, Format Version 12.00
Project("{FAE04EC0-301F-11D3-BF4B-00C04F79EFBC}") = "KenBonny.CheckHibp", "KenBonny.CheckHibp\KenBonny.CheckHibp.csproj", "{C64EECC3-E03E-4069-8763-07243A9C240C}"
EndProject
Global
	GlobalSection(SolutionConfigurationPlatforms) = preSolution
		Debug|Any CPU = Debug|Any CPU
		Release|Any CPU = Release|Any CPU
	EndGlobalSection
	GlobalSection(ProjectConfigurationPlatforms) = postSolution
		{C64EECC3-E03E-4069-8763-07243A9C240C}.Debug|Any CPU.ActiveCfg = Debug|Any CPU
		{C64EECC3-E03E-4069-8763-07243A9C240C}.Debug|Any CPU.Build.0 = Debug|Any CPU
		{C64EECC3-E03E-4069-8763-07243A9C240C}.Release|Any CPU.ActiveCfg = Release|Any CPU
		{C64EECC3-E03E-4069-8763-07243A9C240C}.Release|Any CPU.Build.0 = Release|Any CPU
	EndGlobalSection
EndGlobal
